
Microsoft Visual Studio Solution File, Format Version 12.00
# Visual Studio Version 16
VisualStudioVersion = 16.0.31424.327
MinimumVisualStudioVersion = 10.0.40219.1
Project("{8BC9CEB8-8B4A-11D0-8D11-00A0C91BC942}") = "Binary Search Tree", "Binary Search Tree\Binary Search Tree.vcxproj", "{DFB9A9B3-AA95-4F81-94BE-3ACABA9B4B50}"
EndProject
Global
	GlobalSection(SolutionConfigurationPlatforms) = preSolution
		Debug|x64 = Debug|x64
		Debug|x86 = Debug|x86
		Release|x64 = Release|x64
		Release|x86 = Release|x86
	EndGlobalSection
	GlobalSection(ProjectConfigurationPlatforms) = postSolution
		{DFB9A9B3-AA95-4F81-94BE-3ACABA9B4B50}.Debug|x64.ActiveCfg = Debug|x64
		{DFB9A9B3-AA95-4F81-94BE-3ACABA9B4B50}.Debug|x64.Build.0 = Debug|x64
		{DFB9A9B3-AA95-4F81-94BE-3ACABA9B4B50}.Debug|x86.ActiveCfg = Debug|Win32
		{DFB9A9B3-AA95-4F81-94BE-3ACABA9B4B50}.Debug|x86.Build.0 = Debug|Win32
		{DFB9A9B3-AA95-4F81-94BE-3ACABA9B4B50}.Release|x64.ActiveCfg = Release|x64
		{DFB9A9B3-AA95-4F81-94BE-3ACABA9B4B50}.Release|x64.Build.0 = Release|x64
		{DFB9A9B3-AA95-4F81-94BE-3ACABA9B4B50}.Release|x86.ActiveCfg = Release|Win32
		{DFB9A9B3-AA95-4F81-94BE-3ACABA9B4B50}.Release|x86.Build.0 = Release|Win32
	EndGlobalSection
	GlobalSection(SolutionProperties) = preSolution
		HideSolutionNode = FALSE
	EndGlobalSection
	GlobalSection(ExtensibilityGlobals) = postSolution
		SolutionGuid = {17573FC6-F119-401F-9699-4BA1525CAB25}
	EndGlobalSection
EndGlobal
